// !$*UTF8*$!
{
	archiveVersion = 1;
	classes = {
	};
	objectVersion = 56;
	objects = {

/* Begin PBXBuildFile section */
		34FF7F4C2CB5CD6E00FCC5F4 /* AppDelegate.swift in Sources */ = {isa = PBXBuildFile; fileRef = 34FF7F4B2CB5CD6E00FCC5F4 /* AppDelegate.swift */; };
		34FF7F502CB5CD6E00FCC5F4 /* ViewController.swift in Sources */ = {isa = PBXBuildFile; fileRef = 34FF7F4F2CB5CD6E00FCC5F4 /* ViewController.swift */; };
		34FF7F532CB5CD6E00FCC5F4 /* Main.storyboard in Resources */ = {isa = PBXBuildFile; fileRef = 34FF7F512CB5CD6E00FCC5F4 /* Main.storyboard */; };
		34FF7F552CB5CD7000FCC5F4 /* Assets.xcassets in Resources */ = {isa = PBXBuildFile; fileRef = 34FF7F542CB5CD7000FCC5F4 /* Assets.xcassets */; };
		34FF7F582CB5CD7000FCC5F4 /* LaunchScreen.storyboard in Resources */ = {isa = PBXBuildFile; fileRef = 34FF7F562CB5CD7000FCC5F4 /* LaunchScreen.storyboard */; };
		34FF7F622CB5CD7100FCC5F4 /* lab1Tests.swift in Sources */ = {isa = PBXBuildFile; fileRef = 34FF7F612CB5CD7100FCC5F4 /* lab1Tests.swift */; };
		34FF7F6C2CB5CD7100FCC5F4 /* lab1UITests.swift in Sources */ = {isa = PBXBuildFile; fileRef = 34FF7F6B2CB5CD7100FCC5F4 /* lab1UITests.swift */; };
		34FF7F6E2CB5CD7100FCC5F4 /* lab1UITestsLaunchTests.swift in Sources */ = {isa = PBXBuildFile; fileRef = 34FF7F6D2CB5CD7100FCC5F4 /* lab1UITestsLaunchTests.swift */; };
/* End PBXBuildFile section */

/* Begin PBXContainerItemProxy section */
		34FF7F5E2CB5CD7100FCC5F4 /* PBXContainerItemProxy */ = {
			isa = PBXContainerItemProxy;
			containerPortal = 34FF7F402CB5CD6E00FCC5F4 /* Project object */;
			proxyType = 1;
			remoteGlobalIDString = 34FF7F472CB5CD6E00FCC5F4;
			remoteInfo = lab1;
		};
		34FF7F682CB5CD7100FCC5F4 /* PBXContainerItemProxy */ = {
			isa = PBXContainerItemProxy;
			containerPortal = 34FF7F402CB5CD6E00FCC5F4 /* Project object */;
			proxyType = 1;
			remoteGlobalIDString = 34FF7F472CB5CD6E00FCC5F4;
			remoteInfo = lab1;
		};
/* End PBXContainerItemProxy section */

/* Begin PBXFileReference section */
		34FF7F482CB5CD6E00FCC5F4 /* lab1.app */ = {isa = PBXFileReference; explicitFileType = wrapper.application; includeInIndex = 0; path = lab1.app; sourceTree = BUILT_PRODUCTS_DIR; };
		34FF7F4B2CB5CD6E00FCC5F4 /* AppDelegate.swift */ = {isa = PBXFileReference; lastKnownFileType = sourcecode.swift; path = AppDelegate.swift; sourceTree = "<group>"; };
		34FF7F4F2CB5CD6E00FCC5F4 /* ViewController.swift */ = {isa = PBXFileReference; lastKnownFileType = sourcecode.swift; path = ViewController.swift; sourceTree = "<group>"; };
		34FF7F522CB5CD6E00FCC5F4 /* Base */ = {isa = PBXFileReference; lastKnownFileType = file.storyboard; name = Base; path = Base.lproj/Main.storyboard; sourceTree = "<group>"; };
		34FF7F542CB5CD7000FCC5F4 /* Assets.xcassets */ = {isa = PBXFileReference; lastKnownFileType = folder.assetcatalog; path = Assets.xcassets; sourceTree = "<group>"; };
		34FF7F572CB5CD7000FCC5F4 /* Base */ = {isa = PBXFileReference; lastKnownFileType = file.storyboard; name = Base; path = Base.lproj/LaunchScreen.storyboard; sourceTree = "<group>"; };
		34FF7F5D2CB5CD7100FCC5F4 /* lab1Tests.xctest */ = {isa = PBXFileReference; explicitFileType = wrapper.cfbundle; includeInIndex = 0; path = lab1Tests.xctest; sourceTree = BUILT_PRODUCTS_DIR; };
		34FF7F612CB5CD7100FCC5F4 /* lab1Tests.swift */ = {isa = PBXFileReference; lastKnownFileType = sourcecode.swift; path = lab1Tests.swift; sourceTree = "<group>"; };
		34FF7F672CB5CD7100FCC5F4 /* lab1UITests.xctest */ = {isa = PBXFileReference; explicitFileType = wrapper.cfbundle; includeInIndex = 0; path = lab1UITests.xctest; sourceTree = BUILT_PRODUCTS_DIR; };
		34FF7F6B2CB5CD7100FCC5F4 /* lab1UITests.swift */ = {isa = PBXFileReference; lastKnownFileType = sourcecode.swift; path = lab1UITests.swift; sourceTree = "<group>"; };
		34FF7F6D2CB5CD7100FCC5F4 /* lab1UITestsLaunchTests.swift */ = {isa = PBXFileReference; lastKnownFileType = sourcecode.swift; path = lab1UITestsLaunchTests.swift; sourceTree = "<group>"; };
/* End PBXFileReference section */

/* Begin PBXFrameworksBuildPhase section */
		34FF7F452CB5CD6E00FCC5F4 /* Frameworks */ = {
			isa = PBXFrameworksBuildPhase;
			buildActionMask = 2147483647;
			files = (
			);
			runOnlyForDeploymentPostprocessing = 0;
		};
		34FF7F5A2CB5CD7100FCC5F4 /* Frameworks */ = {
			isa = PBXFrameworksBuildPhase;
			buildActionMask = 2147483647;
			files = (
			);
			runOnlyForDeploymentPostprocessing = 0;
		};
		34FF7F642CB5CD7100FCC5F4 /* Frameworks */ = {
			isa = PBXFrameworksBuildPhase;
			buildActionMask = 2147483647;
			files = (
			);
			runOnlyForDeploymentPostprocessing = 0;
		};
/* End PBXFrameworksBuildPhase section */

/* Begin PBXGroup section */
		34FF7F3F2CB5CD6E00FCC5F4 = {
			isa = PBXGroup;
			children = (
				34FF7F4A2CB5CD6E00FCC5F4 /* lab1 */,
				34FF7F602CB5CD7100FCC5F4 /* lab1Tests */,
				34FF7F6A2CB5CD7100FCC5F4 /* lab1UITests */,
				34FF7F492CB5CD6E00FCC5F4 /* Products */,
			);
			sourceTree = "<group>";
		};
		34FF7F492CB5CD6E00FCC5F4 /* Products */ = {
			isa = PBXGroup;
			children = (
				34FF7F482CB5CD6E00FCC5F4 /* lab1.app */,
				34FF7F5D2CB5CD7100FCC5F4 /* lab1Tests.xctest */,
				34FF7F672CB5CD7100FCC5F4 /* lab1UITests.xctest */,
			);
			name = Products;
			sourceTree = "<group>";
		};
		34FF7F4A2CB5CD6E00FCC5F4 /* lab1 */ = {
			isa = PBXGroup;
			children = (
				34FF7F4B2CB5CD6E00FCC5F4 /* AppDelegate.swift */,
				34FF7F4F2CB5CD6E00FCC5F4 /* ViewController.swift */,
				34FF7F512CB5CD6E00FCC5F4 /* Main.storyboard */,
				34FF7F542CB5CD7000FCC5F4 /* Assets.xcassets */,
				34FF7F562CB5CD7000FCC5F4 /* LaunchScreen.storyboard */,
			);
			path = lab1;
			sourceTree = "<group>";
		};
		34FF7F602CB5CD7100FCC5F4 /* lab1Tests */ = {
			isa = PBXGroup;
			children = (
				34FF7F612CB5CD7100FCC5F4 /* lab1Tests.swift */,
			);
			path = lab1Tests;
			sourceTree = "<group>";
		};
		34FF7F6A2CB5CD7100FCC5F4 /* lab1UITests */ = {
			isa = PBXGroup;
			children = (
				34FF7F6B2CB5CD7100FCC5F4 /* lab1UITests.swift */,
				34FF7F6D2CB5CD7100FCC5F4 /* lab1UITestsLaunchTests.swift */,
			);
			path = lab1UITests;
			sourceTree = "<group>";
		};
/* End PBXGroup section */

/* Begin PBXNativeTarget section */
		34FF7F472CB5CD6E00FCC5F4 /* lab1 */ = {
			isa = PBXNativeTarget;
			buildConfigurationList = 34FF7F712CB5CD7100FCC5F4 /* Build configuration list for PBXNativeTarget "lab1" */;
			buildPhases = (
				34FF7F442CB5CD6E00FCC5F4 /* Sources */,
				34FF7F452CB5CD6E00FCC5F4 /* Frameworks */,
				34FF7F462CB5CD6E00FCC5F4 /* Resources */,
			);
			buildRules = (
			);
			dependencies = (
			);
			name = lab1;
			productName = lab1;
			productReference = 34FF7F482CB5CD6E00FCC5F4 /* lab1.app */;
			productType = "com.apple.product-type.application";
		};
		34FF7F5C2CB5CD7100FCC5F4 /* lab1Tests */ = {
			isa = PBXNativeTarget;
			buildConfigurationList = 34FF7F742CB5CD7100FCC5F4 /* Build configuration list for PBXNativeTarget "lab1Tests" */;
			buildPhases = (
				34FF7F592CB5CD7100FCC5F4 /* Sources */,
				34FF7F5A2CB5CD7100FCC5F4 /* Frameworks */,
				34FF7F5B2CB5CD7100FCC5F4 /* Resources */,
			);
			buildRules = (
			);
			dependencies = (
				34FF7F5F2CB5CD7100FCC5F4 /* PBXTargetDependency */,
			);
			name = lab1Tests;
			productName = lab1Tests;
			productReference = 34FF7F5D2CB5CD7100FCC5F4 /* lab1Tests.xctest */;
			productType = "com.apple.product-type.bundle.unit-test";
		};
		34FF7F662CB5CD7100FCC5F4 /* lab1UITests */ = {
			isa = PBXNativeTarget;
			buildConfigurationList = 34FF7F772CB5CD7100FCC5F4 /* Build configuration list for PBXNativeTarget "lab1UITests" */;
			buildPhases = (
				34FF7F632CB5CD7100FCC5F4 /* Sources */,
				34FF7F642CB5CD7100FCC5F4 /* Frameworks */,
				34FF7F652CB5CD7100FCC5F4 /* Resources */,
			);
			buildRules = (
			);
			dependencies = (
				34FF7F692CB5CD7100FCC5F4 /* PBXTargetDependency */,
			);
			name = lab1UITests;
			productName = lab1UITests;
			productReference = 34FF7F672CB5CD7100FCC5F4 /* lab1UITests.xctest */;
			productType = "com.apple.product-type.bundle.ui-testing";
		};
/* End PBXNativeTarget section */

/* Begin PBXProject section */
		34FF7F402CB5CD6E00FCC5F4 /* Project object */ = {
			isa = PBXProject;
			attributes = {
				BuildIndependentTargetsInParallel = 1;
				LastSwiftUpdateCheck = 1420;
				LastUpgradeCheck = 1420;
				TargetAttributes = {
					34FF7F472CB5CD6E00FCC5F4 = {
						CreatedOnToolsVersion = 14.2;
					};
					34FF7F5C2CB5CD7100FCC5F4 = {
						CreatedOnToolsVersion = 14.2;
						TestTargetID = 34FF7F472CB5CD6E00FCC5F4;
					};
					34FF7F662CB5CD7100FCC5F4 = {
						CreatedOnToolsVersion = 14.2;
						TestTargetID = 34FF7F472CB5CD6E00FCC5F4;
					};
				};
			};
			buildConfigurationList = 34FF7F432CB5CD6E00FCC5F4 /* Build configuration list for PBXProject "lab1" */;
			compatibilityVersion = "Xcode 14.0";
			developmentRegion = en;
			hasScannedForEncodings = 0;
			knownRegions = (
				en,
				Base,
			);
			mainGroup = 34FF7F3F2CB5CD6E00FCC5F4;
			productRefGroup = 34FF7F492CB5CD6E00FCC5F4 /* Products */;
			projectDirPath = "";
			projectRoot = "";
			targets = (
				34FF7F472CB5CD6E00FCC5F4 /* lab1 */,
				34FF7F5C2CB5CD7100FCC5F4 /* lab1Tests */,
				34FF7F662CB5CD7100FCC5F4 /* lab1UITests */,
			);
		};
/* End PBXProject section */

/* Begin PBXResourcesBuildPhase section */
		34FF7F462CB5CD6E00FCC5F4 /* Resources */ = {
			isa = PBXResourcesBuildPhase;
			buildActionMask = 2147483647;
			files = (
				34FF7F582CB5CD7000FCC5F4 /* LaunchScreen.storyboard in Resources */,
				34FF7F552CB5CD7000FCC5F4 /* Assets.xcassets in Resources */,
				34FF7F532CB5CD6E00FCC5F4 /* Main.storyboard in Resources */,
			);
			runOnlyForDeploymentPostprocessing = 0;
		};
		34FF7F5B2CB5CD7100FCC5F4 /* Resources */ = {
			isa = PBXResourcesBuildPhase;
			buildActionMask = 2147483647;
			files = (
			);
			runOnlyForDeploymentPostprocessing = 0;
		};
		34FF7F652CB5CD7100FCC5F4 /* Resources */ = {
			isa = PBXResourcesBuildPhase;
			buildActionMask = 2147483647;
			files = (
			);
			runOnlyForDeploymentPostprocessing = 0;
		};
/* End PBXResourcesBuildPhase section */

/* Begin PBXSourcesBuildPhase section */
		34FF7F442CB5CD6E00FCC5F4 /* Sources */ = {
			isa = PBXSourcesBuildPhase;
			buildActionMask = 2147483647;
			files = (
				34FF7F502CB5CD6E00FCC5F4 /* ViewController.swift in Sources */,
				34FF7F4C2CB5CD6E00FCC5F4 /* AppDelegate.swift in Sources */,
			);
			runOnlyForDeploymentPostprocessing = 0;
		};
		34FF7F592CB5CD7100FCC5F4 /* Sources */ = {
			isa = PBXSourcesBuildPhase;
			buildActionMask = 2147483647;
			files = (
				34FF7F622CB5CD7100FCC5F4 /* lab1Tests.swift in Sources */,
			);
			runOnlyForDeploymentPostprocessing = 0;
		};
		34FF7F632CB5CD7100FCC5F4 /* Sources */ = {
			isa = PBXSourcesBuildPhase;
			buildActionMask = 2147483647;
			files = (
				34FF7F6E2CB5CD7100FCC5F4 /* lab1UITestsLaunchTests.swift in Sources */,
				34FF7F6C2CB5CD7100FCC5F4 /* lab1UITests.swift in Sources */,
			);
			runOnlyForDeploymentPostprocessing = 0;
		};
/* End PBXSourcesBuildPhase section */

/* Begin PBXTargetDependency section */
		34FF7F5F2CB5CD7100FCC5F4 /* PBXTargetDependency */ = {
			isa = PBXTargetDependency;
			target = 34FF7F472CB5CD6E00FCC5F4 /* lab1 */;
			targetProxy = 34FF7F5E2CB5CD7100FCC5F4 /* PBXContainerItemProxy */;
		};
		34FF7F692CB5CD7100FCC5F4 /* PBXTargetDependency */ = {
			isa = PBXTargetDependency;
			target = 34FF7F472CB5CD6E00FCC5F4 /* lab1 */;
			targetProxy = 34FF7F682CB5CD7100FCC5F4 /* PBXContainerItemProxy */;
		};
/* End PBXTargetDependency section */

/* Begin PBXVariantGroup section */
		34FF7F512CB5CD6E00FCC5F4 /* Main.storyboard */ = {
			isa = PBXVariantGroup;
			children = (
				34FF7F522CB5CD6E00FCC5F4 /* Base */,
			);
			name = Main.storyboard;
			sourceTree = "<group>";
		};
		34FF7F562CB5CD7000FCC5F4 /* LaunchScreen.storyboard */ = {
			isa = PBXVariantGroup;
			children = (
				34FF7F572CB5CD7000FCC5F4 /* Base */,
			);
			name = LaunchScreen.storyboard;
			sourceTree = "<group>";
		};
/* End PBXVariantGroup section */

/* Begin XCBuildConfiguration section */
		34FF7F6F2CB5CD7100FCC5F4 /* Debug */ = {
			isa = XCBuildConfiguration;
			buildSettings = {
				ALWAYS_SEARCH_USER_PATHS = NO;
				CLANG_ANALYZER_NONNULL = YES;
				CLANG_ANALYZER_NUMBER_OBJECT_CONVERSION = YES_AGGRESSIVE;
				CLANG_CXX_LANGUAGE_STANDARD = "gnu++20";
				CLANG_ENABLE_MODULES = YES;
				CLANG_ENABLE_OBJC_ARC = YES;
				CLANG_ENABLE_OBJC_WEAK = YES;
				CLANG_WARN_BLOCK_CAPTURE_AUTORELEASING = YES;
				CLANG_WARN_BOOL_CONVERSION = YES;
				CLANG_WARN_COMMA = YES;
				CLANG_WARN_CONSTANT_CONVERSION = YES;
				CLANG_WARN_DEPRECATED_OBJC_IMPLEMENTATIONS = YES;
				CLANG_WARN_DIRECT_OBJC_ISA_USAGE = YES_ERROR;
				CLANG_WARN_DOCUMENTATION_COMMENTS = YES;
				CLANG_WARN_EMPTY_BODY = YES;
				CLANG_WARN_ENUM_CONVERSION = YES;
				CLANG_WARN_INFINITE_RECURSION = YES;
				CLANG_WARN_INT_CONVERSION = YES;
				CLANG_WARN_NON_LITERAL_NULL_CONVERSION = YES;
				CLANG_WARN_OBJC_IMPLICIT_RETAIN_SELF = YES;
				CLANG_WARN_OBJC_LITERAL_CONVERSION = YES;
				CLANG_WARN_OBJC_ROOT_CLASS = YES_ERROR;
				CLANG_WARN_QUOTED_INCLUDE_IN_FRAMEWORK_HEADER = YES;
				CLANG_WARN_RANGE_LOOP_ANALYSIS = YES;
				CLANG_WARN_STRICT_PROTOTYPES = YES;
				CLANG_WARN_SUSPICIOUS_MOVE = YES;
				CLANG_WARN_UNGUARDED_AVAILABILITY = YES_AGGRESSIVE;
				CLANG_WARN_UNREACHABLE_CODE = YES;
				CLANG_WARN__DUPLICATE_METHOD_MATCH = YES;
				COPY_PHASE_STRIP = NO;
				DEBUG_INFORMATION_FORMAT = dwarf;
				ENABLE_STRICT_OBJC_MSGSEND = YES;
				ENABLE_TESTABILITY = YES;
				GCC_C_LANGUAGE_STANDARD = gnu11;
				GCC_DYNAMIC_NO_PIC = NO;
				GCC_NO_COMMON_BLOCKS = YES;
				GCC_OPTIMIZATION_LEVEL = 0;
				GCC_PREPROCESSOR_DEFINITIONS = (
					"DEBUG=1",
					"$(inherited)",
				);
				GCC_WARN_64_TO_32_BIT_CONVERSION = YES;
				GCC_WARN_ABOUT_RETURN_TYPE = YES_ERROR;
				GCC_WARN_UNDECLARED_SELECTOR = YES;
				GCC_WARN_UNINITIALIZED_AUTOS = YES_AGGRESSIVE;
				GCC_WARN_UNUSED_FUNCTION = YES;
				GCC_WARN_UNUSED_VARIABLE = YES;
				IPHONEOS_DEPLOYMENT_TARGET = 16.2;
				MTL_ENABLE_DEBUG_INFO = INCLUDE_SOURCE;
				MTL_FAST_MATH = YES;
				ONLY_ACTIVE_ARCH = YES;
				SDKROOT = iphoneos;
				SWIFT_ACTIVE_COMPILATION_CONDITIONS = DEBUG;
				SWIFT_OPTIMIZATION_LEVEL = "-Onone";
			};
			name = Debug;
		};
		34FF7F702CB5CD7100FCC5F4 /* Release */ = {
			isa = XCBuildConfiguration;
			buildSettings = {
				ALWAYS_SEARCH_USER_PATHS = NO;
				CLANG_ANALYZER_NONNULL = YES;
				CLANG_ANALYZER_NUMBER_OBJECT_CONVERSION = YES_AGGRESSIVE;
				CLANG_CXX_LANGUAGE_STANDARD = "gnu++20";
				CLANG_ENABLE_MODULES = YES;
				CLANG_ENABLE_OBJC_ARC = YES;
				CLANG_ENABLE_OBJC_WEAK = YES;
				CLANG_WARN_BLOCK_CAPTURE_AUTORELEASING = YES;
				CLANG_WARN_BOOL_CONVERSION = YES;
				CLANG_WARN_COMMA = YES;
				CLANG_WARN_CONSTANT_CONVERSION = YES;
				CLANG_WARN_DEPRECATED_OBJC_IMPLEMENTATIONS = YES;
				CLANG_WARN_DIRECT_OBJC_ISA_USAGE = YES_ERROR;
				CLANG_WARN_DOCUMENTATION_COMMENTS = YES;
				CLANG_WARN_EMPTY_BODY = YES;
				CLANG_WARN_ENUM_CONVERSION = YES;
				CLANG_WARN_INFINITE_RECURSION = YES;
				CLANG_WARN_INT_CONVERSION = YES;
				CLANG_WARN_NON_LITERAL_NULL_CONVERSION = YES;
				CLANG_WARN_OBJC_IMPLICIT_RETAIN_SELF = YES;
				CLANG_WARN_OBJC_LITERAL_CONVERSION = YES;
				CLANG_WARN_OBJC_ROOT_CLASS = YES_ERROR;
				CLANG_WARN_QUOTED_INCLUDE_IN_FRAMEWORK_HEADER = YES;
				CLANG_WARN_RANGE_LOOP_ANALYSIS = YES;
				CLANG_WARN_STRICT_PROTOTYPES = YES;
				CLANG_WARN_SUSPICIOUS_MOVE = YES;
				CLANG_WARN_UNGUARDED_AVAILABILITY = YES_AGGRESSIVE;
				CLANG_WARN_UNREACHABLE_CODE = YES;
				CLANG_WARN__DUPLICATE_METHOD_MATCH = YES;
				COPY_PHASE_STRIP = NO;
				DEBUG_INFORMATION_FORMAT = "dwarf-with-dsym";
				ENABLE_NS_ASSERTIONS = NO;
				ENABLE_STRICT_OBJC_MSGSEND = YES;
				GCC_C_LANGUAGE_STANDARD = gnu11;
				GCC_NO_COMMON_BLOCKS = YES;
				GCC_WARN_64_TO_32_BIT_CONVERSION = YES;
				GCC_WARN_ABOUT_RETURN_TYPE = YES_ERROR;
				GCC_WARN_UNDECLARED_SELECTOR = YES;
				GCC_WARN_UNINITIALIZED_AUTOS = YES_AGGRESSIVE;
				GCC_WARN_UNUSED_FUNCTION = YES;
				GCC_WARN_UNUSED_VARIABLE = YES;
				IPHONEOS_DEPLOYMENT_TARGET = 16.2;
				MTL_ENABLE_DEBUG_INFO = NO;
				MTL_FAST_MATH = YES;
				SDKROOT = iphoneos;
				SWIFT_COMPILATION_MODE = wholemodule;
				SWIFT_OPTIMIZATION_LEVEL = "-O";
				VALIDATE_PRODUCT = YES;
			};
			name = Release;
		};
		34FF7F722CB5CD7100FCC5F4 /* Debug */ = {
			isa = XCBuildConfiguration;
			buildSettings = {
				ASSETCATALOG_COMPILER_APPICON_NAME = AppIcon;
				ASSETCATALOG_COMPILER_GLOBAL_ACCENT_COLOR_NAME = AccentColor;
				CODE_SIGN_STYLE = Automatic;
				CURRENT_PROJECT_VERSION = 1;
				DEVELOPMENT_TEAM = 56JY24NFY3;
				GENERATE_INFOPLIST_FILE = YES;
				INFOPLIST_KEY_NSCameraUsageDescription = "";
				INFOPLIST_KEY_UIApplicationSupportsIndirectInputEvents = YES;
				INFOPLIST_KEY_UILaunchStoryboardName = LaunchScreen;
				INFOPLIST_KEY_UIMainStoryboardFile = Main;
				INFOPLIST_KEY_UIRequiredDeviceCapabilities = arkit;
				INFOPLIST_KEY_UIStatusBarHidden = YES;
				INFOPLIST_KEY_UISupportedInterfaceOrientations_iPad = "UIInterfaceOrientationPortrait UIInterfaceOrientationPortraitUpsideDown UIInterfaceOrientationLandscapeLeft UIInterfaceOrientationLandscapeRight";
				INFOPLIST_KEY_UISupportedInterfaceOrientations_iPhone = "UIInterfaceOrientationPortrait UIInterfaceOrientationLandscapeLeft UIInterfaceOrientationLandscapeRight";
				LD_RUNPATH_SEARCH_PATHS = (
					"$(inherited)",
					"@executable_path/Frameworks",
				);
				MARKETING_VERSION = 1.0;
				PRODUCT_BUNDLE_IDENTIFIER = geroff.lab1;
				PRODUCT_NAME = "$(TARGET_NAME)";
				SWIFT_EMIT_LOC_STRINGS = YES;
				SWIFT_VERSION = 5.0;
				TARGETED_DEVICE_FAMILY = "1,2";
			};
			name = Debug;
		};
		34FF7F732CB5CD7100FCC5F4 /* Release */ = {
			isa = XCBuildConfiguration;
			buildSettings = {
				ASSETCATALOG_COMPILER_APPICON_NAME = AppIcon;
				ASSETCATALOG_COMPILER_GLOBAL_ACCENT_COLOR_NAME = AccentColor;
				CODE_SIGN_STYLE = Automatic;
				CURRENT_PROJECT_VERSION = 1;
				DEVELOPMENT_TEAM = 56JY24NFY3;
				GENERATE_INFOPLIST_FILE = YES;
				INFOPLIST_KEY_NSCameraUsageDescription = "";
				INFOPLIST_KEY_UIApplicationSupportsIndirectInputEvents = YES;
				INFOPLIST_KEY_UILaunchStoryboardName = LaunchScreen;
				INFOPLIST_KEY_UIMainStoryboardFile = Main;
				INFOPLIST_KEY_UIRequiredDeviceCapabilities = arkit;
				INFOPLIST_KEY_UIStatusBarHidden = YES;
				INFOPLIST_KEY_UISupportedInterfaceOrientations_iPad = "UIInterfaceOrientationPortrait UIInterfaceOrientationPortraitUpsideDown UIInterfaceOrientationLandscapeLeft UIInterfaceOrientationLandscapeRight";
				INFOPLIST_KEY_UISupportedInterfaceOrientations_iPhone = "UIInterfaceOrientationPortrait UIInterfaceOrientationLandscapeLeft UIInterfaceOrientationLandscapeRight";
				LD_RUNPATH_SEARCH_PATHS = (
					"$(inherited)",
					"@executable_path/Frameworks",
				);
				MARKETING_VERSION = 1.0;
				PRODUCT_BUNDLE_IDENTIFIER = geroff.lab1;
				PRODUCT_NAME = "$(TARGET_NAME)";
				SWIFT_EMIT_LOC_STRINGS = YES;
				SWIFT_VERSION = 5.0;
				TARGETED_DEVICE_FAMILY = "1,2";
			};
			name = Release;
		};
		34FF7F752CB5CD7100FCC5F4 /* Debug */ = {
			isa = XCBuildConfiguration;
			buildSettings = {
				ALWAYS_EMBED_SWIFT_STANDARD_LIBRARIES = YES;
				BUNDLE_LOADER = "$(TEST_HOST)";
				CODE_SIGN_STYLE = Automatic;
				CURRENT_PROJECT_VERSION = 1;
				GENERATE_INFOPLIST_FILE = YES;
				IPHONEOS_DEPLOYMENT_TARGET = 16.2;
				MARKETING_VERSION = 1.0;
				PRODUCT_BUNDLE_IDENTIFIER = geroff.lab1Tests;
				PRODUCT_NAME = "$(TARGET_NAME)";
				SWIFT_EMIT_LOC_STRINGS = NO;
				SWIFT_VERSION = 5.0;
				TARGETED_DEVICE_FAMILY = "1,2";
				TEST_HOST = "$(BUILT_PRODUCTS_DIR)/lab1.app/$(BUNDLE_EXECUTABLE_FOLDER_PATH)/lab1";
			};
			name = Debug;
		};
		34FF7F762CB5CD7100FCC5F4 /* Release */ = {
			isa = XCBuildConfiguration;
			buildSettings = {
				ALWAYS_EMBED_SWIFT_STANDARD_LIBRARIES = YES;
				BUNDLE_LOADER = "$(TEST_HOST)";
				CODE_SIGN_STYLE = Automatic;
				CURRENT_PROJECT_VERSION = 1;
				GENERATE_INFOPLIST_FILE = YES;
				IPHONEOS_DEPLOYMENT_TARGET = 16.2;
				MARKETING_VERSION = 1.0;
				PRODUCT_BUNDLE_IDENTIFIER = geroff.lab1Tests;
				PRODUCT_NAME = "$(TARGET_NAME)";
				SWIFT_EMIT_LOC_STRINGS = NO;
				SWIFT_VERSION = 5.0;
				TARGETED_DEVICE_FAMILY = "1,2";
				TEST_HOST = "$(BUILT_PRODUCTS_DIR)/lab1.app/$(BUNDLE_EXECUTABLE_FOLDER_PATH)/lab1";
			};
			name = Release;
		};
		34FF7F782CB5CD7100FCC5F4 /* Debug */ = {
			isa = XCBuildConfiguration;
			buildSettings = {
				ALWAYS_EMBED_SWIFT_STANDARD_LIBRARIES = YES;
				CODE_SIGN_STYLE = Automatic;
				CURRENT_PROJECT_VERSION = 1;
				GENERATE_INFOPLIST_FILE = YES;
				MARKETING_VERSION = 1.0;
				PRODUCT_BUNDLE_IDENTIFIER = geroff.lab1UITests;
				PRODUCT_NAME = "$(TARGET_NAME)";
				SWIFT_EMIT_LOC_STRINGS = NO;
				SWIFT_VERSION = 5.0;
				TARGETED_DEVICE_FAMILY = "1,2";
				TEST_TARGET_NAME = lab1;
			};
			name = Debug;
		};
		34FF7F792CB5CD7100FCC5F4 /* Release */ = {
			isa = XCBuildConfiguration;
			buildSettings = {
				ALWAYS_EMBED_SWIFT_STANDARD_LIBRARIES = YES;
				CODE_SIGN_STYLE = Automatic;
				CURRENT_PROJECT_VERSION = 1;
				GENERATE_INFOPLIST_FILE = YES;
				MARKETING_VERSION = 1.0;
				PRODUCT_BUNDLE_IDENTIFIER = geroff.lab1UITests;
				PRODUCT_NAME = "$(TARGET_NAME)";
				SWIFT_EMIT_LOC_STRINGS = NO;
				SWIFT_VERSION = 5.0;
				TARGETED_DEVICE_FAMILY = "1,2";
				TEST_TARGET_NAME = lab1;
			};
			name = Release;
		};
/* End XCBuildConfiguration section */

/* Begin XCConfigurationList section */
		34FF7F432CB5CD6E00FCC5F4 /* Build configuration list for PBXProject "lab1" */ = {
			isa = XCConfigurationList;
			buildConfigurations = (
				34FF7F6F2CB5CD7100FCC5F4 /* Debug */,
				34FF7F702CB5CD7100FCC5F4 /* Release */,
			);
			defaultConfigurationIsVisible = 0;
			defaultConfigurationName = Release;
		};
		34FF7F712CB5CD7100FCC5F4 /* Build configuration list for PBXNativeTarget "lab1" */ = {
			isa = XCConfigurationList;
			buildConfigurations = (
				34FF7F722CB5CD7100FCC5F4 /* Debug */,
				34FF7F732CB5CD7100FCC5F4 /* Release */,
			);
			defaultConfigurationIsVisible = 0;
			defaultConfigurationName = Release;
		};
		34FF7F742CB5CD7100FCC5F4 /* Build configuration list for PBXNativeTarget "lab1Tests" */ = {
			isa = XCConfigurationList;
			buildConfigurations = (
				34FF7F752CB5CD7100FCC5F4 /* Debug */,
				34FF7F762CB5CD7100FCC5F4 /* Release */,
			);
			defaultConfigurationIsVisible = 0;
			defaultConfigurationName = Release;
		};
		34FF7F772CB5CD7100FCC5F4 /* Build configuration list for PBXNativeTarget "lab1UITests" */ = {
			isa = XCConfigurationList;
			buildConfigurations = (
				34FF7F782CB5CD7100FCC5F4 /* Debug */,
				34FF7F792CB5CD7100FCC5F4 /* Release */,
			);
			defaultConfigurationIsVisible = 0;
			defaultConfigurationName = Release;
		};
/* End XCConfigurationList section */
	};
	rootObject = 34FF7F402CB5CD6E00FCC5F4 /* Project object */;
}
